{
  "nodes": {
    "fenix": {
      "inputs": {
        "nixpkgs": [
          "nixpkgs"
        ],
        "rust-analyzer-src": "rust-analyzer-src"
      },
      "locked": {
        "lastModified": 1688797359,
        "narHash": "sha256-lsOxrhEc4AuHsNboOimsvbL3vtRCWm6Re6inKCr/p4k=",
        "owner": "nix-community",
        "repo": "fenix",
        "rev": "207c664b137bf699b276481614d176b9bbe9f537",
        "type": "github"
      },
      "original": {
        "owner": "nix-community",
        "repo": "fenix",
        "rev": "207c664b137bf699b276481614d176b9bbe9f537",
        "type": "github"
      }
    },
    "flake-utils": {
      "inputs": {
        "systems": "systems"
      },
      "locked": {
        "lastModified": 1694529238,
        "narHash": "sha256-zsNZZGTGnMOf9YpHKJqMSsa0dXbfmxeoJ7xHlrt+xmY=",
        "owner": "numtide",
        "repo": "flake-utils",
        "rev": "ff7b65b44d01cf9ba6a71320833626af21126384",
        "type": "github"
      },
      "original": {
        "owner": "numtide",
        "repo": "flake-utils",
        "type": "github"
      }
    },
    "nixpkgs": {
      "locked": {
        "lastModified": 1691083802,
        "narHash": "sha256-bjWTVGskCWR2BdB0Glnj2FyHooNiFThkFBF4oaAMe2s=",
        "owner": "NixOS",
        "repo": "nixpkgs",
        "rev": "096c262bbb73d84b8298d81c7daa9890c6ccd6da",
        "type": "github"
      },
      "original": {
        "id": "nixpkgs",
        "ref": "nixos-unstable",
        "type": "indirect"
      }
    },
    "root": {
      "inputs": {
        "fenix": "fenix",
        "flake-utils": "flake-utils",
        "nixpkgs": "nixpkgs"
      }
    },
    "rust-analyzer-src": {
      "flake": false,
      "locked": {
        "lastModified": 1695220688,
        "narHash": "sha256-T54aKrnKMI7Cg2mid5h46mWAXd0xc0pYn0fju3dwXf0=",
        "owner": "rust-lang",
        "repo": "rust-analyzer",
        "rev": "d6fef2c7e3be2783369b4b84e320b163b8fd291a",
        "type": "github"
      },
      "original": {
        "owner": "rust-lang",
        "ref": "nightly",
        "repo": "rust-analyzer",
        "type": "github"
      }
    },
    "systems": {
      "locked": {
        "lastModified": 1681028828,
        "narHash": "sha256-Vy1rq5AaRuLzOxct8nz4T6wlgyUR7zLU309k9mBC768=",
        "owner": "nix-systems",
        "repo": "default",
        "rev": "da67096a3b9bf56a91d16901293e51ba5b49a27e",
        "type": "github"
      },
      "original": {
        "owner": "nix-systems",
        "repo": "default",
        "type": "github"
      }
    }
  },
  "root": "root",
  "version": 7
}
